{
  "version": 4,
  "terraform_version": "0.13.0",
  "serial": 6,
  "lineage": "e0afbedc-af44-4e4e-1642-98f477592e55",
  "outputs": {
    "kubernetes_cluster_name": {
      "value": "rlt-test-del-gke",
      "type": "string"
    },
    "region": {
      "value": "europe-west2",
      "type": "string"
    }
  },
  "resources": [
    {
      "mode": "managed",
      "type": "google_compute_network",
      "name": "vpc",
      "provider": "provider[\"registry.terraform.io/hashicorp/google\"]",
      "instances": [
        {
          "schema_version": 0,
          "attributes": {
            "auto_create_subnetworks": false,
            "delete_default_routes_on_create": false,
            "description": "",
            "gateway_ipv4": "",
            "id": "projects/rlt-test-del/global/networks/rlt-test-del-vpc",
            "ipv4_range": null,
            "name": "rlt-test-del-vpc",
            "project": "rlt-test-del",
            "routing_mode": "REGIONAL",
            "self_link": "https://www.googleapis.com/compute/v1/projects/rlt-test-del/global/networks/rlt-test-del-vpc",
            "timeouts": null
          },
          "private": "eyJlMmJmYjczMC1lY2FhLTExZTYtOGY4OC0zNDM2M2JjN2M0YzAiOnsiY3JlYXRlIjoyNDAwMDAwMDAwMDAsImRlbGV0ZSI6MjQwMDAwMDAwMDAwLCJ1cGRhdGUiOjI0MDAwMDAwMDAwMH19"
        }
      ]
    },
    {
      "mode": "managed",
      "type": "google_compute_subnetwork",
      "name": "subnet",
      "provider": "provider[\"registry.terraform.io/hashicorp/google\"]",
      "instances": [
        {
          "schema_version": 0,
          "attributes": {
            "creation_timestamp": "2020-08-12T03:17:20.735-07:00",
            "description": "",
            "enable_flow_logs": null,
            "fingerprint": null,
            "gateway_address": "10.10.0.1",
            "id": "projects/rlt-test-del/regions/europe-west2/subnetworks/rlt-test-del-subnet",
            "ip_cidr_range": "10.10.0.0/24",
            "log_config": [],
            "name": "rlt-test-del-subnet",
            "network": "https://www.googleapis.com/compute/v1/projects/rlt-test-del/global/networks/rlt-test-del-vpc",
            "private_ip_google_access": false,
            "project": "rlt-test-del",
            "region": "europe-west2",
            "secondary_ip_range": [],
            "self_link": "https://www.googleapis.com/compute/v1/projects/rlt-test-del/regions/europe-west2/subnetworks/rlt-test-del-subnet",
            "timeouts": null
          },
          "private": "eyJlMmJmYjczMC1lY2FhLTExZTYtOGY4OC0zNDM2M2JjN2M0YzAiOnsiY3JlYXRlIjozNjAwMDAwMDAwMDAsImRlbGV0ZSI6MzYwMDAwMDAwMDAwLCJ1cGRhdGUiOjM2MDAwMDAwMDAwMH19",
          "dependencies": [
            "google_compute_network.vpc"
          ]
        }
      ]
    },
    {
      "mode": "managed",
      "type": "google_container_cluster",
      "name": "primary",
      "provider": "provider[\"registry.terraform.io/hashicorp/google\"]",
      "instances": [
        {
          "schema_version": 1,
          "attributes": {
            "additional_zones": [],
            "addons_config": [
              {
                "cloudrun_config": [],
                "horizontal_pod_autoscaling": [],
                "http_load_balancing": [],
                "kubernetes_dashboard": [],
                "network_policy_config": [
                  {
                    "disabled": true
                  }
                ]
              }
            ],
            "authenticator_groups_config": [],
            "cluster_autoscaling": [
              {
                "auto_provisioning_defaults": [],
                "enabled": false,
                "resource_limits": []
              }
            ],
            "cluster_ipv4_cidr": "10.12.0.0/14",
            "database_encryption": [
              {
                "key_name": "",
                "state": "DECRYPTED"
              }
            ],
            "default_max_pods_per_node": null,
            "description": "",
            "enable_binary_authorization": false,
            "enable_intranode_visibility": null,
            "enable_kubernetes_alpha": false,
            "enable_legacy_abac": false,
            "enable_shielded_nodes": false,
            "enable_tpu": null,
            "endpoint": "35.230.155.73",
            "id": "projects/rlt-test-del/locations/europe-west2/clusters/rlt-test-del-gke",
            "initial_node_count": 1,
            "instance_group_urls": [],
            "ip_allocation_policy": [],
            "label_fingerprint": "a9dc16a7",
            "location": "europe-west2",
            "logging_service": "logging.googleapis.com/kubernetes",
            "maintenance_policy": [],
            "master_auth": [
              {
                "client_certificate": "",
                "client_certificate_config": [
                  {
                    "issue_client_certificate": false
                  }
                ],
                "client_key": "",
                "cluster_ca_certificate": "LS0tLS1CRUdJTiBDRVJUSUZJQ0FURS0tLS0tCk1JSURLakNDQWhLZ0F3SUJBZ0lRQW9kYUp5MHlHRVVvMVVvU3F4cGlwVEFOQmdrcWhraUc5dzBCQVFzRkFEQXYKTVMwd0t3WURWUVFERXlSall6ZG1NVFUxTmkweU1USmtMVFJoT0dJdE9UUXdZeTA1TnpkaU1UQTJOV0ZpTjJZdwpIaGNOTWpBd09ERXlNRGt4TnpReldoY05NalV3T0RFeE1UQXhOelF6V2pBdk1TMHdLd1lEVlFRREV5UmpZemRtCk1UVTFOaTB5TVRKa0xUUmhPR0l0T1RRd1l5MDVOemRpTVRBMk5XRmlOMll3Z2dFaU1BMEdDU3FHU0liM0RRRUIKQVFVQUE0SUJEd0F3Z2dFS0FvSUJBUUR1dlZuT0ovVGNNb2hIODJnNTl5MWhuMjRTTWtNM1JCQTYwbCtCajZrSgpEUk1zczVIVmZLVkN0a09QUUlqcUFwK2YwaEhJMWVZNys3MmNRc3JqRlNLZ0lZVEFOMDVuTHYxaS9ZNWVoQUxCCnpuSEJRaGlpOVorbEQ4bEkzZktHRzRMcWdlakVFSlJ0b09vYlV3K3NHSWQ5dldhZnV6dWw2UDBKZEFpbEpYeEkKY3VQZnMvNVA2Z283ZXpLdUJhZUpjZCtkQ3NTL1pOVU1VOG5hT1pqdXZUVnZvODR3NTErSVlmbWJsSm9rZ2lRTAptalBranB5bnlGZS9aNWZrMG9aa1FqVVhnR2Ewa2piQUk5dzNadmFJTE1wQ0k5SGNvNVcveTlCZU5lMGZZSHd4ClREd0NZM2NzUmMxUC96cVJZTzF3a0dwK2lZeGxOMkxtdDd6NnJaNG9mSUJUQWdNQkFBR2pRakJBTUE0R0ExVWQKRHdFQi93UUVBd0lDQkRBUEJnTlZIUk1CQWY4RUJUQURBUUgvTUIwR0ExVWREZ1FXQkJUc1Z5bEh6UFRTaGl1cgpWeXUwMlhsc2hQckFQVEFOQmdrcWhraUc5dzBCQVFzRkFBT0NBUUVBV1lHRWJCU2tEeWVsK1g3S241bkp4eW9XCjlwRk5ibVEzL3REMm5XWG1xSm90K1J6OC9EbFFIVWJXTnZ0cnlBNGlJWTBSTXlzdG5KZkM4TUJKcXdxMG12c0QKbTUvRFh6S3JlYVhjSExBTG8vMXV5U255V0ZqT1R1Qy9yWVZENVgzQWR4T0tRbU9YWkNRMmRIT1VzRDN3WThOVgo4ZkU1dmF3elZYeUhKVXpYKzIydUFGR3JacFBicWZZRTdyUFhuMmhxSWxrMUdtY2c0Z3RjTk9wM002eS95ZkhoCjRBdzMvNzllVEd2RXdNZDhmTVR6T1d3WGhzaysycWgxd2lkL0FrNFRSaXpQelVKUS9FQ2Q4WlErUm5OcGxNcmQKRlFSQ3RrMVBVZm45ZmxJRU05cVp1a1lQaENEMmpDcU1qRGpBSG1tU1BPZTRsUTU5TEwvNGVPYzdtMDFGOXc9PQotLS0tLUVORCBDRVJUSUZJQ0FURS0tLS0tCg==",
                "password": "",
                "username": ""
              }
            ],
            "master_authorized_networks_config": [],
            "master_version": "1.15.12-gke.2",
            "min_master_version": null,
            "monitoring_service": "monitoring.googleapis.com/kubernetes",
            "name": "rlt-test-del-gke",
            "network": "projects/rlt-test-del/global/networks/rlt-test-del-vpc",
            "network_policy": [
              {
                "enabled": false,
                "provider": "PROVIDER_UNSPECIFIED"
              }
            ],
            "node_config": [],
            "node_locations": [
              "europe-west2-a",
              "europe-west2-b",
              "europe-west2-c"
            ],
            "node_pool": [],
            "node_version": "1.15.12-gke.2",
            "operation": null,
            "pod_security_policy_config": null,
            "private_cluster_config": [],
            "project": "rlt-test-del",
            "region": null,
            "remove_default_node_pool": true,
            "resource_labels": null,
            "resource_usage_export_config": [],
            "services_ipv4_cidr": "10.15.240.0/20",
            "subnetwork": "projects/rlt-test-del/regions/europe-west2/subnetworks/rlt-test-del-subnet",
            "timeouts": null,
            "vertical_pod_autoscaling": [],
            "workload_identity_config": [],
            "zone": null
          },
          "private": "eyJlMmJmYjczMC1lY2FhLTExZTYtOGY4OC0zNDM2M2JjN2M0YzAiOnsiY3JlYXRlIjoyNDAwMDAwMDAwMDAwLCJkZWxldGUiOjI0MDAwMDAwMDAwMDAsInJlYWQiOjI0MDAwMDAwMDAwMDAsInVwZGF0ZSI6MzYwMDAwMDAwMDAwMH0sInNjaGVtYV92ZXJzaW9uIjoiMSJ9",
          "dependencies": [
            "google_compute_network.vpc",
            "google_compute_subnetwork.subnet"
          ]
        }
      ]
    },
    {
      "mode": "managed",
      "type": "google_container_node_pool",
      "name": "primary_nodes",
      "provider": "provider[\"registry.terraform.io/hashicorp/google\"]",
      "instances": [
        {
          "status": "tainted",
          "schema_version": 1,
          "attributes": {
            "autoscaling": [],
            "cluster": "rlt-test-del-gke",
            "id": "projects/rlt-test-del/locations/europe-west2/clusters/rlt-test-del-gke/nodePools/rlt-test-del-gke-node-pool",
            "initial_node_count": null,
            "instance_group_urls": null,
            "location": "europe-west2",
            "management": null,
            "max_pods_per_node": null,
            "name": "rlt-test-del-gke-node-pool",
            "name_prefix": null,
            "node_config": [
              {
                "disk_size_gb": 0,
                "disk_type": "",
                "guest_accelerator": [],
                "image_type": "",
                "labels": {
                  "env": "rlt-test-del"
                },
                "local_ssd_count": 0,
                "machine_type": "n1-standard-1",
                "metadata": {
                  "disable-legacy-endpoints": "true"
                },
                "min_cpu_platform": "",
                "oauth_scopes": [
                  "https://www.googleapis.com/auth/logging.write",
                  "https://www.googleapis.com/auth/monitoring"
                ],
                "preemptible": false,
                "sandbox_config": [],
                "service_account": "",
                "shielded_instance_config": [],
                "tags": [
                  "gke-node",
                  "rlt-test-del-gke"
                ],
                "taint": [],
                "workload_metadata_config": []
              }
            ],
            "node_count": 3,
            "node_locations": [],
            "project": null,
            "region": null,
            "timeouts": null,
            "upgrade_settings": null,
            "version": null,
            "zone": null
          },
          "private": "eyJlMmJmYjczMC1lY2FhLTExZTYtOGY4OC0zNDM2M2JjN2M0YzAiOnsiY3JlYXRlIjoxODAwMDAwMDAwMDAwLCJkZWxldGUiOjE4MDAwMDAwMDAwMDAsInVwZGF0ZSI6MTgwMDAwMDAwMDAwMH0sInNjaGVtYV92ZXJzaW9uIjoiMSJ9",
          "dependencies": [
            "google_compute_network.vpc",
            "google_compute_subnetwork.subnet",
            "google_container_cluster.primary"
          ]
        }
      ]
    }
  ]
}
